// !$*UTF8*$!
{
	archiveVersion = 1;
	classes = {
	};
	objectVersion = 50;
	objects = {

/* Begin PBXBuildFile section */
		F7758EC92176E5EA00F93F71 /* AppDelegate.swift in Sources */ = {isa = PBXBuildFile; fileRef = F7758EC82176E5EA00F93F71 /* AppDelegate.swift */; };
		F7758ECB2176E5EA00F93F71 /* PrimaryViewController.swift in Sources */ = {isa = PBXBuildFile; fileRef = F7758ECA2176E5EA00F93F71 /* PrimaryViewController.swift */; };
		F7758ECE2176E5EA00F93F71 /* Main.storyboard in Resources */ = {isa = PBXBuildFile; fileRef = F7758ECC2176E5EA00F93F71 /* Main.storyboard */; };
		F7758ED02176E5EC00F93F71 /* Assets.xcassets in Resources */ = {isa = PBXBuildFile; fileRef = F7758ECF2176E5EC00F93F71 /* Assets.xcassets */; };
		F7758ED32176E5EC00F93F71 /* LaunchScreen.storyboard in Resources */ = {isa = PBXBuildFile; fileRef = F7758ED12176E5EC00F93F71 /* LaunchScreen.storyboard */; };
		F7758EDB2176E68B00F93F71 /* DrawerViewController.swift in Sources */ = {isa = PBXBuildFile; fileRef = F7758EDA2176E68B00F93F71 /* DrawerViewController.swift */; };
		F7758EDD2176EB5300F93F71 /* DrawerViewControllerDelegate.swift in Sources */ = {isa = PBXBuildFile; fileRef = F7758EDC2176EB5300F93F71 /* DrawerViewControllerDelegate.swift */; };
		F7758EDF2176EB9100F93F71 /* ExpansionState.swift in Sources */ = {isa = PBXBuildFile; fileRef = F7758EDE2176EB9100F93F71 /* ExpansionState.swift */; };
		F7758EE22177A90800F93F71 /* DrawerTableViewCell.swift in Sources */ = {isa = PBXBuildFile; fileRef = F7758EE02177A90800F93F71 /* DrawerTableViewCell.swift */; };
		F7758EE32177A90800F93F71 /* DrawerTableViewCell.xib in Resources */ = {isa = PBXBuildFile; fileRef = F7758EE12177A90800F93F71 /* DrawerTableViewCell.xib */; };
		F7758EE52177AA6A00F93F71 /* DrawerViewController+TableView.swift in Sources */ = {isa = PBXBuildFile; fileRef = F7758EE42177AA6A00F93F71 /* DrawerViewController+TableView.swift */; };
/* End PBXBuildFile section */

/* Begin PBXFileReference section */
		F7758EC52176E5EA00F93F71 /* ShortcutsDrawer.app */ = {isa = PBXFileReference; explicitFileType = wrapper.application; includeInIndex = 0; path = ShortcutsDrawer.app; sourceTree = BUILT_PRODUCTS_DIR; };
		F7758EC82176E5EA00F93F71 /* AppDelegate.swift */ = {isa = PBXFileReference; lastKnownFileType = sourcecode.swift; path = AppDelegate.swift; sourceTree = "<group>"; };
		F7758ECA2176E5EA00F93F71 /* PrimaryViewController.swift */ = {isa = PBXFileReference; lastKnownFileType = sourcecode.swift; path = PrimaryViewController.swift; sourceTree = "<group>"; };
		F7758ECD2176E5EA00F93F71 /* Base */ = {isa = PBXFileReference; lastKnownFileType = file.storyboard; name = Base; path = Base.lproj/Main.storyboard; sourceTree = "<group>"; };
		F7758ECF2176E5EC00F93F71 /* Assets.xcassets */ = {isa = PBXFileReference; lastKnownFileType = folder.assetcatalog; path = Assets.xcassets; sourceTree = "<group>"; };
		F7758ED22176E5EC00F93F71 /* Base */ = {isa = PBXFileReference; lastKnownFileType = file.storyboard; name = Base; path = Base.lproj/LaunchScreen.storyboard; sourceTree = "<group>"; };
		F7758ED42176E5EC00F93F71 /* Info.plist */ = {isa = PBXFileReference; lastKnownFileType = text.plist.xml; path = Info.plist; sourceTree = "<group>"; };
		F7758EDA2176E68B00F93F71 /* DrawerViewController.swift */ = {isa = PBXFileReference; lastKnownFileType = sourcecode.swift; path = DrawerViewController.swift; sourceTree = "<group>"; };
		F7758EDC2176EB5300F93F71 /* DrawerViewControllerDelegate.swift */ = {isa = PBXFileReference; lastKnownFileType = sourcecode.swift; path = DrawerViewControllerDelegate.swift; sourceTree = "<group>"; };
		F7758EDE2176EB9100F93F71 /* ExpansionState.swift */ = {isa = PBXFileReference; lastKnownFileType = sourcecode.swift; path = ExpansionState.swift; sourceTree = "<group>"; };
		F7758EE02177A90800F93F71 /* DrawerTableViewCell.swift */ = {isa = PBXFileReference; lastKnownFileType = sourcecode.swift; path = DrawerTableViewCell.swift; sourceTree = "<group>"; };
		F7758EE12177A90800F93F71 /* DrawerTableViewCell.xib */ = {isa = PBXFileReference; lastKnownFileType = file.xib; path = DrawerTableViewCell.xib; sourceTree = "<group>"; };
		F7758EE42177AA6A00F93F71 /* DrawerViewController+TableView.swift */ = {isa = PBXFileReference; lastKnownFileType = sourcecode.swift; path = "DrawerViewController+TableView.swift"; sourceTree = "<group>"; };
/* End PBXFileReference section */

/* Begin PBXFrameworksBuildPhase section */
		F7758EC22176E5EA00F93F71 /* Frameworks */ = {
			isa = PBXFrameworksBuildPhase;
			buildActionMask = 2147483647;
			files = (
			);
			runOnlyForDeploymentPostprocessing = 0;
		};
/* End PBXFrameworksBuildPhase section */

/* Begin PBXGroup section */
		F7758EBC2176E5EA00F93F71 = {
			isa = PBXGroup;
			children = (
				F7758EC72176E5EA00F93F71 /* ShortcutsDrawer */,
				F7758EC62176E5EA00F93F71 /* Products */,
			);
			sourceTree = "<group>";
		};
		F7758EC62176E5EA00F93F71 /* Products */ = {
			isa = PBXGroup;
			children = (
				F7758EC52176E5EA00F93F71 /* ShortcutsDrawer.app */,
			);
			name = Products;
			sourceTree = "<group>";
		};
		F7758EC72176E5EA00F93F71 /* ShortcutsDrawer */ = {
			isa = PBXGroup;
			children = (
				F7758EC82176E5EA00F93F71 /* AppDelegate.swift */,
				F7758ECA2176E5EA00F93F71 /* PrimaryViewController.swift */,
				F7758EDA2176E68B00F93F71 /* DrawerViewController.swift */,
				F7758EE42177AA6A00F93F71 /* DrawerViewController+TableView.swift */,
				F7758EDC2176EB5300F93F71 /* DrawerViewControllerDelegate.swift */,
				F7758EDE2176EB9100F93F71 /* ExpansionState.swift */,
				F7758EE02177A90800F93F71 /* DrawerTableViewCell.swift */,
				F7758EE12177A90800F93F71 /* DrawerTableViewCell.xib */,
				F7758ECC2176E5EA00F93F71 /* Main.storyboard */,
				F7758ECF2176E5EC00F93F71 /* Assets.xcassets */,
				F7758ED12176E5EC00F93F71 /* LaunchScreen.storyboard */,
				F7758ED42176E5EC00F93F71 /* Info.plist */,
			);
			path = ShortcutsDrawer;
			sourceTree = "<group>";
		};
/* End PBXGroup section */

/* Begin PBXNativeTarget section */
		F7758EC42176E5EA00F93F71 /* ShortcutsDrawer */ = {
			isa = PBXNativeTarget;
			buildConfigurationList = F7758ED72176E5EC00F93F71 /* Build configuration list for PBXNativeTarget "ShortcutsDrawer" */;
			buildPhases = (
				F7758EC12176E5EA00F93F71 /* Sources */,
				F7758EC22176E5EA00F93F71 /* Frameworks */,
				F7758EC32176E5EA00F93F71 /* Resources */,
			);
			buildRules = (
			);
			dependencies = (
			);
			name = ShortcutsDrawer;
			productName = ShortcutsDrawer;
			productReference = F7758EC52176E5EA00F93F71 /* ShortcutsDrawer.app */;
			productType = "com.apple.product-type.application";
		};
/* End PBXNativeTarget section */

/* Begin PBXProject section */
		F7758EBD2176E5EA00F93F71 /* Project object */ = {
			isa = PBXProject;
			attributes = {
				LastSwiftUpdateCheck = 1000;
				LastUpgradeCheck = 1000;
				ORGANIZATIONNAME = "Phill Farrugia";
				TargetAttributes = {
					F7758EC42176E5EA00F93F71 = {
						CreatedOnToolsVersion = 10.0;
					};
				};
			};
			buildConfigurationList = F7758EC02176E5EA00F93F71 /* Build configuration list for PBXProject "ShortcutsDrawer" */;
			compatibilityVersion = "Xcode 9.3";
			developmentRegion = en;
			hasScannedForEncodings = 0;
			knownRegions = (
				en,
				Base,
			);
			mainGroup = F7758EBC2176E5EA00F93F71;
			productRefGroup = F7758EC62176E5EA00F93F71 /* Products */;
			projectDirPath = "";
			projectRoot = "";
			targets = (
				F7758EC42176E5EA00F93F71 /* ShortcutsDrawer */,
			);
		};
/* End PBXProject section */

/* Begin PBXResourcesBuildPhase section */
		F7758EC32176E5EA00F93F71 /* Resources */ = {
			isa = PBXResourcesBuildPhase;
			buildActionMask = 2147483647;
			files = (
				F7758EE32177A90800F93F71 /* DrawerTableViewCell.xib in Resources */,
				F7758ED32176E5EC00F93F71 /* LaunchScreen.storyboard in Resources */,
				F7758ED02176E5EC00F93F71 /* Assets.xcassets in Resources */,
				F7758ECE2176E5EA00F93F71 /* Main.storyboard in Resources */,
			);
			runOnlyForDeploymentPostprocessing = 0;
		};
/* End PBXResourcesBuildPhase section */

/* Begin PBXSourcesBuildPhase section */
		F7758EC12176E5EA00F93F71 /* Sources */ = {
			isa = PBXSourcesBuildPhase;
			buildActionMask = 2147483647;
			files = (
				F7758EDD2176EB5300F93F71 /* DrawerViewControllerDelegate.swift in Sources */,
				F7758EE52177AA6A00F93F71 /* DrawerViewController+TableView.swift in Sources */,
				F7758ECB2176E5EA00F93F71 /* PrimaryViewController.swift in Sources */,
				F7758EE22177A90800F93F71 /* DrawerTableViewCell.swift in Sources */,
				F7758EDF2176EB9100F93F71 /* ExpansionState.swift in Sources */,
				F7758EC92176E5EA00F93F71 /* AppDelegate.swift in Sources */,
				F7758EDB2176E68B00F93F71 /* DrawerViewController.swift in Sources */,
			);
			runOnlyForDeploymentPostprocessing = 0;
		};
/* End PBXSourcesBuildPhase section */

/* Begin PBXVariantGroup section */
		F7758ECC2176E5EA00F93F71 /* Main.storyboard */ = {
			isa = PBXVariantGroup;
			children = (
				F7758ECD2176E5EA00F93F71 /* Base */,
			);
			name = Main.storyboard;
			sourceTree = "<group>";
		};
		F7758ED12176E5EC00F93F71 /* LaunchScreen.storyboard */ = {
			isa = PBXVariantGroup;
			children = (
				F7758ED22176E5EC00F93F71 /* Base */,
			);
			name = LaunchScreen.storyboard;
			sourceTree = "<group>";
		};
/* End PBXVariantGroup section */

/* Begin XCBuildConfiguration section */
		F7758ED52176E5EC00F93F71 /* Debug */ = {
			isa = XCBuildConfiguration;
			buildSettings = {
				ALWAYS_SEARCH_USER_PATHS = NO;
				CLANG_ANALYZER_NONNULL = YES;
				CLANG_ANALYZER_NUMBER_OBJECT_CONVERSION = YES_AGGRESSIVE;
				CLANG_CXX_LANGUAGE_STANDARD = "gnu++14";
				CLANG_CXX_LIBRARY = "libc++";
				CLANG_ENABLE_MODULES = YES;
				CLANG_ENABLE_OBJC_ARC = YES;
				CLANG_ENABLE_OBJC_WEAK = YES;
				CLANG_WARN_BLOCK_CAPTURE_AUTORELEASING = YES;
				CLANG_WARN_BOOL_CONVERSION = YES;
				CLANG_WARN_COMMA = YES;
				CLANG_WARN_CONSTANT_CONVERSION = YES;
				CLANG_WARN_DEPRECATED_OBJC_IMPLEMENTATIONS = YES;
				CLANG_WARN_DIRECT_OBJC_ISA_USAGE = YES_ERROR;
				CLANG_WARN_DOCUMENTATION_COMMENTS = YES;
				CLANG_WARN_EMPTY_BODY = YES;
				CLANG_WARN_ENUM_CONVERSION = YES;
				CLANG_WARN_INFINITE_RECURSION = YES;
				CLANG_WARN_INT_CONVERSION = YES;
				CLANG_WARN_NON_LITERAL_NULL_CONVERSION = YES;
				CLANG_WARN_OBJC_IMPLICIT_RETAIN_SELF = YES;
				CLANG_WARN_OBJC_LITERAL_CONVERSION = YES;
				CLANG_WARN_OBJC_ROOT_CLASS = YES_ERROR;
				CLANG_WARN_RANGE_LOOP_ANALYSIS = YES;
				CLANG_WARN_STRICT_PROTOTYPES = YES;
				CLANG_WARN_SUSPICIOUS_MOVE = YES;
				CLANG_WARN_UNGUARDED_AVAILABILITY = YES_AGGRESSIVE;
				CLANG_WARN_UNREACHABLE_CODE = YES;
				CLANG_WARN__DUPLICATE_METHOD_MATCH = YES;
				CODE_SIGN_IDENTITY = "iPhone Developer";
				COPY_PHASE_STRIP = NO;
				DEBUG_INFORMATION_FORMAT = dwarf;
				ENABLE_STRICT_OBJC_MSGSEND = YES;
				ENABLE_TESTABILITY = YES;
				GCC_C_LANGUAGE_STANDARD = gnu11;
				GCC_DYNAMIC_NO_PIC = NO;
				GCC_NO_COMMON_BLOCKS = YES;
				GCC_OPTIMIZATION_LEVEL = 0;
				GCC_PREPROCESSOR_DEFINITIONS = (
					"DEBUG=1",
					"$(inherited)",
				);
				GCC_WARN_64_TO_32_BIT_CONVERSION = YES;
				GCC_WARN_ABOUT_RETURN_TYPE = YES_ERROR;
				GCC_WARN_UNDECLARED_SELECTOR = YES;
				GCC_WARN_UNINITIALIZED_AUTOS = YES_AGGRESSIVE;
				GCC_WARN_UNUSED_FUNCTION = YES;
				GCC_WARN_UNUSED_VARIABLE = YES;
				IPHONEOS_DEPLOYMENT_TARGET = 12.0;
				MTL_ENABLE_DEBUG_INFO = INCLUDE_SOURCE;
				MTL_FAST_MATH = YES;
				ONLY_ACTIVE_ARCH = YES;
				SDKROOT = iphoneos;
				SWIFT_ACTIVE_COMPILATION_CONDITIONS = DEBUG;
				SWIFT_OPTIMIZATION_LEVEL = "-Onone";
			};
			name = Debug;
		};
		F7758ED62176E5EC00F93F71 /* Release */ = {
			isa = XCBuildConfiguration;
			buildSettings = {
				ALWAYS_SEARCH_USER_PATHS = NO;
				CLANG_ANALYZER_NONNULL = YES;
				CLANG_ANALYZER_NUMBER_OBJECT_CONVERSION = YES_AGGRESSIVE;
				CLANG_CXX_LANGUAGE_STANDARD = "gnu++14";
				CLANG_CXX_LIBRARY = "libc++";
				CLANG_ENABLE_MODULES = YES;
				CLANG_ENABLE_OBJC_ARC = YES;
				CLANG_ENABLE_OBJC_WEAK = YES;
				CLANG_WARN_BLOCK_CAPTURE_AUTORELEASING = YES;
				CLANG_WARN_BOOL_CONVERSION = YES;
				CLANG_WARN_COMMA = YES;
				CLANG_WARN_CONSTANT_CONVERSION = YES;
				CLANG_WARN_DEPRECATED_OBJC_IMPLEMENTATIONS = YES;
				CLANG_WARN_DIRECT_OBJC_ISA_USAGE = YES_ERROR;
				CLANG_WARN_DOCUMENTATION_COMMENTS = YES;
				CLANG_WARN_EMPTY_BODY = YES;
				CLANG_WARN_ENUM_CONVERSION = YES;
				CLANG_WARN_INFINITE_RECURSION = YES;
				CLANG_WARN_INT_CONVERSION = YES;
				CLANG_WARN_NON_LITERAL_NULL_CONVERSION = YES;
				CLANG_WARN_OBJC_IMPLICIT_RETAIN_SELF = YES;
				CLANG_WARN_OBJC_LITERAL_CONVERSION = YES;
				CLANG_WARN_OBJC_ROOT_CLASS = YES_ERROR;
				CLANG_WARN_RANGE_LOOP_ANALYSIS = YES;
				CLANG_WARN_STRICT_PROTOTYPES = YES;
				CLANG_WARN_SUSPICIOUS_MOVE = YES;
				CLANG_WARN_UNGUARDED_AVAILABILITY = YES_AGGRESSIVE;
				CLANG_WARN_UNREACHABLE_CODE = YES;
				CLANG_WARN__DUPLICATE_METHOD_MATCH = YES;
				CODE_SIGN_IDENTITY = "iPhone Developer";
				COPY_PHASE_STRIP = NO;
				DEBUG_INFORMATION_FORMAT = "dwarf-with-dsym";
				ENABLE_NS_ASSERTIONS = NO;
				ENABLE_STRICT_OBJC_MSGSEND = YES;
				GCC_C_LANGUAGE_STANDARD = gnu11;
				GCC_NO_COMMON_BLOCKS = YES;
				GCC_WARN_64_TO_32_BIT_CONVERSION = YES;
				GCC_WARN_ABOUT_RETURN_TYPE = YES_ERROR;
				GCC_WARN_UNDECLARED_SELECTOR = YES;
				GCC_WARN_UNINITIALIZED_AUTOS = YES_AGGRESSIVE;
				GCC_WARN_UNUSED_FUNCTION = YES;
				GCC_WARN_UNUSED_VARIABLE = YES;
				IPHONEOS_DEPLOYMENT_TARGET = 12.0;
				MTL_ENABLE_DEBUG_INFO = NO;
				MTL_FAST_MATH = YES;
				SDKROOT = iphoneos;
				SWIFT_COMPILATION_MODE = wholemodule;
				SWIFT_OPTIMIZATION_LEVEL = "-O";
				VALIDATE_PRODUCT = YES;
			};
			name = Release;
		};
		F7758ED82176E5EC00F93F71 /* Debug */ = {
			isa = XCBuildConfiguration;
			buildSettings = {
				ASSETCATALOG_COMPILER_APPICON_NAME = AppIcon;
				CODE_SIGN_STYLE = Automatic;
				DEVELOPMENT_TEAM = 6VSG94VVFH;
				INFOPLIST_FILE = ShortcutsDrawer/Info.plist;
				LD_RUNPATH_SEARCH_PATHS = (
					"$(inherited)",
					"@executable_path/Frameworks",
				);
				PRODUCT_BUNDLE_IDENTIFIER = com.phillfarrugia.ShortcutsDrawer;
				PRODUCT_NAME = "$(TARGET_NAME)";
				SWIFT_VERSION = 4.2;
				TARGETED_DEVICE_FAMILY = "1,2";
			};
			name = Debug;
		};
		F7758ED92176E5EC00F93F71 /* Release */ = {
			isa = XCBuildConfiguration;
			buildSettings = {
				ASSETCATALOG_COMPILER_APPICON_NAME = AppIcon;
				CODE_SIGN_STYLE = Automatic;
				DEVELOPMENT_TEAM = 6VSG94VVFH;
				INFOPLIST_FILE = ShortcutsDrawer/Info.plist;
				LD_RUNPATH_SEARCH_PATHS = (
					"$(inherited)",
					"@executable_path/Frameworks",
				);
				PRODUCT_BUNDLE_IDENTIFIER = com.phillfarrugia.ShortcutsDrawer;
				PRODUCT_NAME = "$(TARGET_NAME)";
				SWIFT_VERSION = 4.2;
				TARGETED_DEVICE_FAMILY = "1,2";
			};
			name = Release;
		};
/* End XCBuildConfiguration section */

/* Begin XCConfigurationList section */
		F7758EC02176E5EA00F93F71 /* Build configuration list for PBXProject "ShortcutsDrawer" */ = {
			isa = XCConfigurationList;
			buildConfigurations = (
				F7758ED52176E5EC00F93F71 /* Debug */,
				F7758ED62176E5EC00F93F71 /* Release */,
			);
			defaultConfigurationIsVisible = 0;
			defaultConfigurationName = Release;
		};
		F7758ED72176E5EC00F93F71 /* Build configuration list for PBXNativeTarget "ShortcutsDrawer" */ = {
			isa = XCConfigurationList;
			buildConfigurations = (
				F7758ED82176E5EC00F93F71 /* Debug */,
				F7758ED92176E5EC00F93F71 /* Release */,
			);
			defaultConfigurationIsVisible = 0;
			defaultConfigurationName = Release;
		};
/* End XCConfigurationList section */
	};
	rootObject = F7758EBD2176E5EA00F93F71 /* Project object */;
}
